
Microsoft Visual Studio Solution File, Format Version 12.00
# Visual Studio Version 16
VisualStudioVersion = 16.0.30413.136
MinimumVisualStudioVersion = 10.0.40219.1
Project("{FAE04EC0-301F-11D3-BF4B-00C04F79EFBC}") = "ProjeOdevi", "ProjeOdevi\ProjeOdevi.csproj", "{0485D3CA-9012-47E2-88B3-0AA8EA78A2AD}"
EndProject
Global
	GlobalSection(SolutionConfigurationPlatforms) = preSolution
		Debug|Any CPU = Debug|Any CPU
		Release|Any CPU = Release|Any CPU
	EndGlobalSection
	GlobalSection(ProjectConfigurationPlatforms) = postSolution
		{0485D3CA-9012-47E2-88B3-0AA8EA78A2AD}.Debug|Any CPU.ActiveCfg = Debug|Any CPU
		{0485D3CA-9012-47E2-88B3-0AA8EA78A2AD}.Debug|Any CPU.Build.0 = Debug|Any CPU
		{0485D3CA-9012-47E2-88B3-0AA8EA78A2AD}.Release|Any CPU.ActiveCfg = Release|Any CPU
		{0485D3CA-9012-47E2-88B3-0AA8EA78A2AD}.Release|Any CPU.Build.0 = Release|Any CPU
	EndGlobalSection
	GlobalSection(SolutionProperties) = preSolution
		HideSolutionNode = FALSE
	EndGlobalSection
	GlobalSection(ExtensibilityGlobals) = postSolution
		SolutionGuid = {0365B2DB-9E4A-44DB-B714-3CCF059B4006}
	EndGlobalSection
EndGlobal
